// !$*UTF8*$!
{
	archiveVersion = 1;
	classes = {
	};
	objectVersion = 50;
	objects = {

/* Begin PBXBuildFile section */
		490AF5D720E13E1D003C312E /* HomeTableViewController.swift in Sources */ = {isa = PBXBuildFile; fileRef = 490AF5D520E13E1D003C312E /* HomeTableViewController.swift */; };
		490AF5D820E13E1D003C312E /* HomeTableViewController.xib in Resources */ = {isa = PBXBuildFile; fileRef = 490AF5D620E13E1D003C312E /* HomeTableViewController.xib */; };
		490AF5DC20E13F20003C312E /* CollectionTableViewCell.swift in Sources */ = {isa = PBXBuildFile; fileRef = 490AF5DA20E13F20003C312E /* CollectionTableViewCell.swift */; };
		490AF5DD20E13F20003C312E /* CollectionTableViewCell.xib in Resources */ = {isa = PBXBuildFile; fileRef = 490AF5DB20E13F20003C312E /* CollectionTableViewCell.xib */; };
		4978CF6D20E2DA2D008E0AA5 /* Keys.swift in Sources */ = {isa = PBXBuildFile; fileRef = 4978CF6C20E2DA2D008E0AA5 /* Keys.swift */; };
		4978CF7120E2DB09008E0AA5 /* TableTableViewCell.swift in Sources */ = {isa = PBXBuildFile; fileRef = 4978CF6F20E2DB09008E0AA5 /* TableTableViewCell.swift */; };
		4978CF7220E2DB09008E0AA5 /* TableTableViewCell.xib in Resources */ = {isa = PBXBuildFile; fileRef = 4978CF7020E2DB09008E0AA5 /* TableTableViewCell.xib */; };
		4978CF7620E2DCE8008E0AA5 /* DeckTableViewCell.swift in Sources */ = {isa = PBXBuildFile; fileRef = 4978CF7420E2DCE8008E0AA5 /* DeckTableViewCell.swift */; };
		4978CF7720E2DCE8008E0AA5 /* DeckTableViewCell.xib in Resources */ = {isa = PBXBuildFile; fileRef = 4978CF7520E2DCE8008E0AA5 /* DeckTableViewCell.xib */; };
		49D83CB620E133DD008084F8 /* ButtonTableViewCell.swift in Sources */ = {isa = PBXBuildFile; fileRef = 49D83CB420E133DD008084F8 /* ButtonTableViewCell.swift */; };
		49D83CB720E133DD008084F8 /* ButtonTableViewCell.xib in Resources */ = {isa = PBXBuildFile; fileRef = 49D83CB520E133DD008084F8 /* ButtonTableViewCell.xib */; };
		49FF655320E3F6EB00BB0868 /* DeckSaver.swift in Sources */ = {isa = PBXBuildFile; fileRef = 49FF655220E3F6EB00BB0868 /* DeckSaver.swift */; };
		49FF655620E40EF800BB0868 /* NewDeckViewController.swift in Sources */ = {isa = PBXBuildFile; fileRef = 49FF655420E40EF800BB0868 /* NewDeckViewController.swift */; };
		49FF655720E40EF800BB0868 /* NewDeckViewController.xib in Resources */ = {isa = PBXBuildFile; fileRef = 49FF655520E40EF800BB0868 /* NewDeckViewController.xib */; };
		8C72FC6520DF004800795257 /* AppDelegate.swift in Sources */ = {isa = PBXBuildFile; fileRef = 8C72FC6420DF004800795257 /* AppDelegate.swift */; };
		8C72FC8020DF011700795257 /* DefaultDecks.swift in Sources */ = {isa = PBXBuildFile; fileRef = 8C72FC7820DF011600795257 /* DefaultDecks.swift */; };
		8C72FC9120DF058100795257 /* Level.swift in Sources */ = {isa = PBXBuildFile; fileRef = 8C72FC9020DF058100795257 /* Level.swift */; };
		8C72FC9420DF05D900795257 /* UIColor+custom.swift in Sources */ = {isa = PBXBuildFile; fileRef = 8C72FC9220DF05D900795257 /* UIColor+custom.swift */; };
		8C72FC9520DF05D900795257 /* Array+random.swift in Sources */ = {isa = PBXBuildFile; fileRef = 8C72FC9320DF05D900795257 /* Array+random.swift */; };
		8C72FCA920DF070600795257 /* DeckCollectionViewCell.swift in Sources */ = {isa = PBXBuildFile; fileRef = 8C72FCA720DF070600795257 /* DeckCollectionViewCell.swift */; };
		8C72FCAA20DF070600795257 /* DeckCollectionViewCell.xib in Resources */ = {isa = PBXBuildFile; fileRef = 8C72FCA820DF070600795257 /* DeckCollectionViewCell.xib */; };
		8C72FCB520DF074400795257 /* StartCollectionViewController.xib in Resources */ = {isa = PBXBuildFile; fileRef = 8C72FCAD20DF074400795257 /* StartCollectionViewController.xib */; };
		8C72FCB620DF074400795257 /* StartCollectionViewController.swift in Sources */ = {isa = PBXBuildFile; fileRef = 8C72FCAE20DF074400795257 /* StartCollectionViewController.swift */; };
		8C72FCB920DF074400795257 /* ViewDeckController.swift in Sources */ = {isa = PBXBuildFile; fileRef = 8C72FCB320DF074400795257 /* ViewDeckController.swift */; };
		8C72FCBA20DF074400795257 /* ViewDeckController.xib in Resources */ = {isa = PBXBuildFile; fileRef = 8C72FCB420DF074400795257 /* ViewDeckController.xib */; };
		8C72FCC020DF077100795257 /* Card.swift in Sources */ = {isa = PBXBuildFile; fileRef = 8C72FCBD20DF077100795257 /* Card.swift */; };
		8C72FCC120DF077100795257 /* Deck.swift in Sources */ = {isa = PBXBuildFile; fileRef = 8C72FCBF20DF077100795257 /* Deck.swift */; };
		8C72FCC820DF07D800795257 /* Assets.xcassets in Resources */ = {isa = PBXBuildFile; fileRef = 8C72FCC320DF07D800795257 /* Assets.xcassets */; };
		8C72FCC920DF07D800795257 /* LaunchScreen.storyboard in Resources */ = {isa = PBXBuildFile; fileRef = 8C72FCC520DF07D800795257 /* LaunchScreen.storyboard */; };
		8C72FCCA20DF07D800795257 /* Info.plist in Resources */ = {isa = PBXBuildFile; fileRef = 8C72FCC720DF07D800795257 /* Info.plist */; };
		8C72FCCC20DFF8BF00795257 /* DeckManager.swift in Sources */ = {isa = PBXBuildFile; fileRef = 8C72FCCB20DFF8BF00795257 /* DeckManager.swift */; };
		8C72FCD020E1B2BE00795257 /* ImageTableViewCell.swift in Sources */ = {isa = PBXBuildFile; fileRef = 8C72FCCE20E1B2BE00795257 /* ImageTableViewCell.swift */; };
		8C72FCD120E1B2BE00795257 /* ImageTableViewCell.xib in Resources */ = {isa = PBXBuildFile; fileRef = 8C72FCCF20E1B2BE00795257 /* ImageTableViewCell.xib */; };
		8C72FCD320E1CD9100795257 /* GenericCell.swift in Sources */ = {isa = PBXBuildFile; fileRef = 8C72FCD220E1CD9100795257 /* GenericCell.swift */; };
/* End PBXBuildFile section */

/* Begin PBXFileReference section */
		490AF5D520E13E1D003C312E /* HomeTableViewController.swift */ = {isa = PBXFileReference; lastKnownFileType = sourcecode.swift; path = HomeTableViewController.swift; sourceTree = "<group>"; };
		490AF5D620E13E1D003C312E /* HomeTableViewController.xib */ = {isa = PBXFileReference; lastKnownFileType = file.xib; path = HomeTableViewController.xib; sourceTree = "<group>"; };
		490AF5DA20E13F20003C312E /* CollectionTableViewCell.swift */ = {isa = PBXFileReference; lastKnownFileType = sourcecode.swift; path = CollectionTableViewCell.swift; sourceTree = "<group>"; };
		490AF5DB20E13F20003C312E /* CollectionTableViewCell.xib */ = {isa = PBXFileReference; lastKnownFileType = file.xib; path = CollectionTableViewCell.xib; sourceTree = "<group>"; };
		4978CF6C20E2DA2D008E0AA5 /* Keys.swift */ = {isa = PBXFileReference; lastKnownFileType = sourcecode.swift; path = Keys.swift; sourceTree = "<group>"; };
		4978CF6F20E2DB09008E0AA5 /* TableTableViewCell.swift */ = {isa = PBXFileReference; lastKnownFileType = sourcecode.swift; path = TableTableViewCell.swift; sourceTree = "<group>"; };
		4978CF7020E2DB09008E0AA5 /* TableTableViewCell.xib */ = {isa = PBXFileReference; lastKnownFileType = file.xib; path = TableTableViewCell.xib; sourceTree = "<group>"; };
		4978CF7420E2DCE8008E0AA5 /* DeckTableViewCell.swift */ = {isa = PBXFileReference; lastKnownFileType = sourcecode.swift; path = DeckTableViewCell.swift; sourceTree = "<group>"; };
		4978CF7520E2DCE8008E0AA5 /* DeckTableViewCell.xib */ = {isa = PBXFileReference; lastKnownFileType = file.xib; path = DeckTableViewCell.xib; sourceTree = "<group>"; };
		49D83CB420E133DD008084F8 /* ButtonTableViewCell.swift */ = {isa = PBXFileReference; lastKnownFileType = sourcecode.swift; path = ButtonTableViewCell.swift; sourceTree = "<group>"; };
		49D83CB520E133DD008084F8 /* ButtonTableViewCell.xib */ = {isa = PBXFileReference; lastKnownFileType = file.xib; path = ButtonTableViewCell.xib; sourceTree = "<group>"; };
		49FF655220E3F6EB00BB0868 /* DeckSaver.swift */ = {isa = PBXFileReference; lastKnownFileType = sourcecode.swift; path = DeckSaver.swift; sourceTree = "<group>"; };
		49FF655420E40EF800BB0868 /* NewDeckViewController.swift */ = {isa = PBXFileReference; lastKnownFileType = sourcecode.swift; path = NewDeckViewController.swift; sourceTree = "<group>"; };
		49FF655520E40EF800BB0868 /* NewDeckViewController.xib */ = {isa = PBXFileReference; lastKnownFileType = file.xib; path = NewDeckViewController.xib; sourceTree = "<group>"; };
		8C72FC6120DF004800795257 /* quick-cards.app */ = {isa = PBXFileReference; explicitFileType = wrapper.application; includeInIndex = 0; path = "quick-cards.app"; sourceTree = BUILT_PRODUCTS_DIR; };
		8C72FC6420DF004800795257 /* AppDelegate.swift */ = {isa = PBXFileReference; lastKnownFileType = sourcecode.swift; path = AppDelegate.swift; sourceTree = "<group>"; };
		8C72FC7820DF011600795257 /* DefaultDecks.swift */ = {isa = PBXFileReference; fileEncoding = 4; lastKnownFileType = sourcecode.swift; path = DefaultDecks.swift; sourceTree = "<group>"; };
		8C72FC9020DF058100795257 /* Level.swift */ = {isa = PBXFileReference; fileEncoding = 4; lastKnownFileType = sourcecode.swift; name = Level.swift; path = "quick-cards/Enumerations/Level.swift"; sourceTree = SOURCE_ROOT; };
		8C72FC9220DF05D900795257 /* UIColor+custom.swift */ = {isa = PBXFileReference; fileEncoding = 4; lastKnownFileType = sourcecode.swift; name = "UIColor+custom.swift"; path = "quick-cards/Extensions/UIColor+custom.swift"; sourceTree = SOURCE_ROOT; };
		8C72FC9320DF05D900795257 /* Array+random.swift */ = {isa = PBXFileReference; fileEncoding = 4; lastKnownFileType = sourcecode.swift; name = "Array+random.swift"; path = "quick-cards/Extensions/Array+random.swift"; sourceTree = SOURCE_ROOT; };
		8C72FCA720DF070600795257 /* DeckCollectionViewCell.swift */ = {isa = PBXFileReference; fileEncoding = 4; lastKnownFileType = sourcecode.swift; path = DeckCollectionViewCell.swift; sourceTree = "<group>"; };
		8C72FCA820DF070600795257 /* DeckCollectionViewCell.xib */ = {isa = PBXFileReference; fileEncoding = 4; lastKnownFileType = file.xib; path = DeckCollectionViewCell.xib; sourceTree = "<group>"; };
		8C72FCAD20DF074400795257 /* StartCollectionViewController.xib */ = {isa = PBXFileReference; fileEncoding = 4; lastKnownFileType = file.xib; path = StartCollectionViewController.xib; sourceTree = "<group>"; };
		8C72FCAE20DF074400795257 /* StartCollectionViewController.swift */ = {isa = PBXFileReference; fileEncoding = 4; lastKnownFileType = sourcecode.swift; path = StartCollectionViewController.swift; sourceTree = "<group>"; };
		8C72FCB320DF074400795257 /* ViewDeckController.swift */ = {isa = PBXFileReference; fileEncoding = 4; lastKnownFileType = sourcecode.swift; path = ViewDeckController.swift; sourceTree = "<group>"; };
		8C72FCB420DF074400795257 /* ViewDeckController.xib */ = {isa = PBXFileReference; fileEncoding = 4; lastKnownFileType = file.xib; path = ViewDeckController.xib; sourceTree = "<group>"; };
		8C72FCBD20DF077100795257 /* Card.swift */ = {isa = PBXFileReference; fileEncoding = 4; lastKnownFileType = sourcecode.swift; path = Card.swift; sourceTree = "<group>"; };
		8C72FCBF20DF077100795257 /* Deck.swift */ = {isa = PBXFileReference; fileEncoding = 4; lastKnownFileType = sourcecode.swift; path = Deck.swift; sourceTree = "<group>"; };
		8C72FCC320DF07D800795257 /* Assets.xcassets */ = {isa = PBXFileReference; lastKnownFileType = folder.assetcatalog; path = Assets.xcassets; sourceTree = "<group>"; };
		8C72FCC620DF07D800795257 /* Base */ = {isa = PBXFileReference; lastKnownFileType = file.storyboard; name = Base; path = LaunchScreen.storyboard; sourceTree = "<group>"; };
		8C72FCC720DF07D800795257 /* Info.plist */ = {isa = PBXFileReference; fileEncoding = 4; lastKnownFileType = text.plist.xml; path = Info.plist; sourceTree = "<group>"; };
		8C72FCCB20DFF8BF00795257 /* DeckManager.swift */ = {isa = PBXFileReference; fileEncoding = 4; lastKnownFileType = sourcecode.swift; path = DeckManager.swift; sourceTree = "<group>"; };
		8C72FCCE20E1B2BE00795257 /* ImageTableViewCell.swift */ = {isa = PBXFileReference; lastKnownFileType = sourcecode.swift; path = ImageTableViewCell.swift; sourceTree = "<group>"; };
		8C72FCCF20E1B2BE00795257 /* ImageTableViewCell.xib */ = {isa = PBXFileReference; lastKnownFileType = file.xib; path = ImageTableViewCell.xib; sourceTree = "<group>"; };
		8C72FCD220E1CD9100795257 /* GenericCell.swift */ = {isa = PBXFileReference; lastKnownFileType = sourcecode.swift; path = GenericCell.swift; sourceTree = "<group>"; };
/* End PBXFileReference section */

/* Begin PBXFrameworksBuildPhase section */
		8C72FC5E20DF004800795257 /* Frameworks */ = {
			isa = PBXFrameworksBuildPhase;
			buildActionMask = 2147483647;
			files = (
			);
			runOnlyForDeploymentPostprocessing = 0;
		};
/* End PBXFrameworksBuildPhase section */

/* Begin PBXGroup section */
		490AF5D920E13F08003C312E /* Collection */ = {
			isa = PBXGroup;
			children = (
				490AF5DA20E13F20003C312E /* CollectionTableViewCell.swift */,
				490AF5DB20E13F20003C312E /* CollectionTableViewCell.xib */,
			);
			path = Collection;
			sourceTree = "<group>";
		};
		4978CF6B20E284EA008E0AA5 /* New */ = {
			isa = PBXGroup;
			children = (
				49FF655420E40EF800BB0868 /* NewDeckViewController.swift */,
				49FF655520E40EF800BB0868 /* NewDeckViewController.xib */,
			);
			path = New;
			sourceTree = "<group>";
		};
		4978CF6E20E2DAE6008E0AA5 /* Table */ = {
			isa = PBXGroup;
			children = (
				4978CF6F20E2DB09008E0AA5 /* TableTableViewCell.swift */,
				4978CF7020E2DB09008E0AA5 /* TableTableViewCell.xib */,
			);
			path = Table;
			sourceTree = "<group>";
		};
		4978CF7320E2DCC1008E0AA5 /* Deck */ = {
			isa = PBXGroup;
			children = (
				4978CF7420E2DCE8008E0AA5 /* DeckTableViewCell.swift */,
				4978CF7520E2DCE8008E0AA5 /* DeckTableViewCell.xib */,
			);
			path = Deck;
			sourceTree = "<group>";
		};
		49D83CAC20E132FA008084F8 /* Home */ = {
			isa = PBXGroup;
			children = (
				490AF5D520E13E1D003C312E /* HomeTableViewController.swift */,
				490AF5D620E13E1D003C312E /* HomeTableViewController.xib */,
			);
			path = Home;
			sourceTree = "<group>";
		};
		49D83CB120E1336E008084F8 /* Collection View Cells */ = {
			isa = PBXGroup;
			children = (
				8C72FCA720DF070600795257 /* DeckCollectionViewCell.swift */,
				8C72FCA820DF070600795257 /* DeckCollectionViewCell.xib */,
			);
			path = "Collection View Cells";
			sourceTree = "<group>";
		};
		49D83CB220E1337C008084F8 /* Table View Cells */ = {
			isa = PBXGroup;
			children = (
				4978CF7320E2DCC1008E0AA5 /* Deck */,
				4978CF6E20E2DAE6008E0AA5 /* Table */,
				8C72FCCD20E1B2A400795257 /* Image */,
				490AF5D920E13F08003C312E /* Collection */,
				49D83CB320E133A9008084F8 /* Button */,
			);
			path = "Table View Cells";
			sourceTree = "<group>";
		};
		49D83CB320E133A9008084F8 /* Button */ = {
			isa = PBXGroup;
			children = (
				49D83CB420E133DD008084F8 /* ButtonTableViewCell.swift */,
				49D83CB520E133DD008084F8 /* ButtonTableViewCell.xib */,
			);
			path = Button;
			sourceTree = "<group>";
		};
		49FF655120E3F6A900BB0868 /* Deck Saver */ = {
			isa = PBXGroup;
			children = (
				8C72FC7820DF011600795257 /* DefaultDecks.swift */,
				49FF655220E3F6EB00BB0868 /* DeckSaver.swift */,
			);
			path = "Deck Saver";
			sourceTree = "<group>";
		};
		8C72FC5820DF004800795257 = {
			isa = PBXGroup;
			children = (
				8C72FC6320DF004800795257 /* quick-cards */,
				8C72FC6220DF004800795257 /* Products */,
			);
			sourceTree = "<group>";
		};
		8C72FC6220DF004800795257 /* Products */ = {
			isa = PBXGroup;
			children = (
				8C72FC6120DF004800795257 /* quick-cards.app */,
			);
			name = Products;
			sourceTree = "<group>";
		};
		8C72FC6320DF004800795257 /* quick-cards */ = {
			isa = PBXGroup;
			children = (
				8C72FC6420DF004800795257 /* AppDelegate.swift */,
				4978CF6C20E2DA2D008E0AA5 /* Keys.swift */,
				8C72FC8820DF04F800795257 /* Extensions */,
				8C72FC8F20DF056E00795257 /* Enumerations */,
				8C72FCBB20DF074F00795257 /* Models */,
				8C72FC9620DF05FB00795257 /* Classes */,
				8C72FCA220DF06C400795257 /* Views */,
				8C72FCAB20DF071500795257 /* Controllers */,
				8C72FCC220DF079D00795257 /* Supporting Files */,
			);
			path = "quick-cards";
			sourceTree = "<group>";
		};
		8C72FC8820DF04F800795257 /* Extensions */ = {
			isa = PBXGroup;
			children = (
				8C72FC9320DF05D900795257 /* Array+random.swift */,
				8C72FC9220DF05D900795257 /* UIColor+custom.swift */,
			);
			name = Extensions;
			path = "quick-cards/Extensions";
			sourceTree = SOURCE_ROOT;
		};
		8C72FC8F20DF056E00795257 /* Enumerations */ = {
			isa = PBXGroup;
			children = (
				8C72FC9020DF058100795257 /* Level.swift */,
				8C72FCD220E1CD9100795257 /* GenericCell.swift */,
			);
			name = Enumerations;
			path = "quick-cards/Enumerations";
			sourceTree = SOURCE_ROOT;
		};
		8C72FC9620DF05FB00795257 /* Classes */ = {
			isa = PBXGroup;
			children = (
				49FF655120E3F6A900BB0868 /* Deck Saver */,
				8C72FC9820DF063600795257 /* Deck Manager */,
			);
			path = Classes;
			sourceTree = "<group>";
		};
		8C72FC9820DF063600795257 /* Deck Manager */ = {
			isa = PBXGroup;
			children = (
				8C72FCCB20DFF8BF00795257 /* DeckManager.swift */,
			);
			name = "Deck Manager";
			path = "quick-cards/Classes/Deck Manager";
			sourceTree = SOURCE_ROOT;
		};
		8C72FCA220DF06C400795257 /* Views */ = {
			isa = PBXGroup;
			children = (
				49D83CB220E1337C008084F8 /* Table View Cells */,
				49D83CB120E1336E008084F8 /* Collection View Cells */,
			);
			path = Views;
			sourceTree = "<group>";
		};
		8C72FCAB20DF071500795257 /* Controllers */ = {
			isa = PBXGroup;
			children = (
				4978CF6B20E284EA008E0AA5 /* New */,
				49D83CAC20E132FA008084F8 /* Home */,
				8C72FCAC20DF074400795257 /* Start */,
				8C72FCB220DF074400795257 /* View Deck */,
			);
			path = Controllers;
			sourceTree = "<group>";
		};
		8C72FCAC20DF074400795257 /* Start */ = {
			isa = PBXGroup;
			children = (
				8C72FCAE20DF074400795257 /* StartCollectionViewController.swift */,
				8C72FCAD20DF074400795257 /* StartCollectionViewController.xib */,
			);
			path = Start;
			sourceTree = "<group>";
		};
		8C72FCB220DF074400795257 /* View Deck */ = {
			isa = PBXGroup;
			children = (
				8C72FCB320DF074400795257 /* ViewDeckController.swift */,
				8C72FCB420DF074400795257 /* ViewDeckController.xib */,
			);
			path = "View Deck";
			sourceTree = "<group>";
		};
		8C72FCBB20DF074F00795257 /* Models */ = {
			isa = PBXGroup;
			children = (
				8C72FCBC20DF077100795257 /* Card */,
				8C72FCBE20DF077100795257 /* Deck */,
			);
			path = Models;
			sourceTree = "<group>";
		};
		8C72FCBC20DF077100795257 /* Card */ = {
			isa = PBXGroup;
			children = (
				8C72FCBD20DF077100795257 /* Card.swift */,
			);
			path = Card;
			sourceTree = "<group>";
		};
		8C72FCBE20DF077100795257 /* Deck */ = {
			isa = PBXGroup;
			children = (
				8C72FCBF20DF077100795257 /* Deck.swift */,
			);
			path = Deck;
			sourceTree = "<group>";
		};
		8C72FCC220DF079D00795257 /* Supporting Files */ = {
			isa = PBXGroup;
			children = (
				8C72FCC320DF07D800795257 /* Assets.xcassets */,
				8C72FCC420DF07D800795257 /* Base.lproj */,
				8C72FCC720DF07D800795257 /* Info.plist */,
			);
			path = "Supporting Files";
			sourceTree = "<group>";
		};
		8C72FCC420DF07D800795257 /* Base.lproj */ = {
			isa = PBXGroup;
			children = (
				8C72FCC520DF07D800795257 /* LaunchScreen.storyboard */,
			);
			path = Base.lproj;
			sourceTree = "<group>";
		};
		8C72FCCD20E1B2A400795257 /* Image */ = {
			isa = PBXGroup;
			children = (
				8C72FCCE20E1B2BE00795257 /* ImageTableViewCell.swift */,
				8C72FCCF20E1B2BE00795257 /* ImageTableViewCell.xib */,
			);
			path = Image;
			sourceTree = "<group>";
		};
/* End PBXGroup section */

/* Begin PBXNativeTarget section */
		8C72FC6020DF004800795257 /* quick-cards */ = {
			isa = PBXNativeTarget;
			buildConfigurationList = 8C72FC7320DF004900795257 /* Build configuration list for PBXNativeTarget "quick-cards" */;
			buildPhases = (
				8C72FC5D20DF004800795257 /* Sources */,
				8C72FC5E20DF004800795257 /* Frameworks */,
				8C72FC5F20DF004800795257 /* Resources */,
			);
			buildRules = (
			);
			dependencies = (
			);
			name = "quick-cards";
			productName = "quick-cards";
			productReference = 8C72FC6120DF004800795257 /* quick-cards.app */;
			productType = "com.apple.product-type.application";
		};
/* End PBXNativeTarget section */

/* Begin PBXProject section */
		8C72FC5920DF004800795257 /* Project object */ = {
			isa = PBXProject;
			attributes = {
				LastSwiftUpdateCheck = 0940;
				LastUpgradeCheck = 0940;
				ORGANIZATIONNAME = "Abby Smith";
				TargetAttributes = {
					8C72FC6020DF004800795257 = {
						CreatedOnToolsVersion = 9.4;
					};
				};
			};
			buildConfigurationList = 8C72FC5C20DF004800795257 /* Build configuration list for PBXProject "Quick Cards" */;
			compatibilityVersion = "Xcode 9.3";
			developmentRegion = en;
			hasScannedForEncodings = 0;
			knownRegions = (
				en,
				Base,
			);
			mainGroup = 8C72FC5820DF004800795257;
			productRefGroup = 8C72FC6220DF004800795257 /* Products */;
			projectDirPath = "";
			projectRoot = "";
			targets = (
				8C72FC6020DF004800795257 /* quick-cards */,
			);
		};
/* End PBXProject section */

/* Begin PBXResourcesBuildPhase section */
		8C72FC5F20DF004800795257 /* Resources */ = {
			isa = PBXResourcesBuildPhase;
			buildActionMask = 2147483647;
			files = (
				4978CF7720E2DCE8008E0AA5 /* DeckTableViewCell.xib in Resources */,
				8C72FCB520DF074400795257 /* StartCollectionViewController.xib in Resources */,
				8C72FCAA20DF070600795257 /* DeckCollectionViewCell.xib in Resources */,
				4978CF7220E2DB09008E0AA5 /* TableTableViewCell.xib in Resources */,
				8C72FCC920DF07D800795257 /* LaunchScreen.storyboard in Resources */,
				8C72FCBA20DF074400795257 /* ViewDeckController.xib in Resources */,
				490AF5D820E13E1D003C312E /* HomeTableViewController.xib in Resources */,
				8C72FCD120E1B2BE00795257 /* ImageTableViewCell.xib in Resources */,
				49FF655720E40EF800BB0868 /* NewDeckViewController.xib in Resources */,
				8C72FCC820DF07D800795257 /* Assets.xcassets in Resources */,
				8C72FCCA20DF07D800795257 /* Info.plist in Resources */,
				490AF5DD20E13F20003C312E /* CollectionTableViewCell.xib in Resources */,
				49D83CB720E133DD008084F8 /* ButtonTableViewCell.xib in Resources */,
			);
			runOnlyForDeploymentPostprocessing = 0;
		};
/* End PBXResourcesBuildPhase section */

/* Begin PBXSourcesBuildPhase section */
		8C72FC5D20DF004800795257 /* Sources */ = {
			isa = PBXSourcesBuildPhase;
			buildActionMask = 2147483647;
			files = (
				8C72FC9120DF058100795257 /* Level.swift in Sources */,
				49FF655620E40EF800BB0868 /* NewDeckViewController.swift in Sources */,
				4978CF6D20E2DA2D008E0AA5 /* Keys.swift in Sources */,
				49D83CB620E133DD008084F8 /* ButtonTableViewCell.swift in Sources */,
				8C72FCB620DF074400795257 /* StartCollectionViewController.swift in Sources */,
				490AF5DC20E13F20003C312E /* CollectionTableViewCell.swift in Sources */,
				8C72FC9520DF05D900795257 /* Array+random.swift in Sources */,
				8C72FC9420DF05D900795257 /* UIColor+custom.swift in Sources */,
				8C72FC6520DF004800795257 /* AppDelegate.swift in Sources */,
				4978CF7120E2DB09008E0AA5 /* TableTableViewCell.swift in Sources */,
				8C72FCC020DF077100795257 /* Card.swift in Sources */,
				49FF655320E3F6EB00BB0868 /* DeckSaver.swift in Sources */,
				8C72FCA920DF070600795257 /* DeckCollectionViewCell.swift in Sources */,
				8C72FCD320E1CD9100795257 /* GenericCell.swift in Sources */,
				490AF5D720E13E1D003C312E /* HomeTableViewController.swift in Sources */,
				4978CF7620E2DCE8008E0AA5 /* DeckTableViewCell.swift in Sources */,
				8C72FCC120DF077100795257 /* Deck.swift in Sources */,
				8C72FC8020DF011700795257 /* DefaultDecks.swift in Sources */,
				8C72FCD020E1B2BE00795257 /* ImageTableViewCell.swift in Sources */,
				8C72FCCC20DFF8BF00795257 /* DeckManager.swift in Sources */,
				8C72FCB920DF074400795257 /* ViewDeckController.swift in Sources */,
			);
			runOnlyForDeploymentPostprocessing = 0;
		};
/* End PBXSourcesBuildPhase section */

/* Begin PBXVariantGroup section */
		8C72FCC520DF07D800795257 /* LaunchScreen.storyboard */ = {
			isa = PBXVariantGroup;
			children = (
				8C72FCC620DF07D800795257 /* Base */,
			);
			name = LaunchScreen.storyboard;
			sourceTree = "<group>";
		};
/* End PBXVariantGroup section */

/* Begin XCBuildConfiguration section */
		8C72FC7120DF004900795257 /* Debug */ = {
			isa = XCBuildConfiguration;
			buildSettings = {
				ALWAYS_SEARCH_USER_PATHS = NO;
				CLANG_ANALYZER_NONNULL = YES;
				CLANG_ANALYZER_NUMBER_OBJECT_CONVERSION = YES_AGGRESSIVE;
				CLANG_CXX_LANGUAGE_STANDARD = "gnu++14";
				CLANG_CXX_LIBRARY = "libc++";
				CLANG_ENABLE_MODULES = YES;
				CLANG_ENABLE_OBJC_ARC = YES;
				CLANG_ENABLE_OBJC_WEAK = YES;
				CLANG_WARN_BLOCK_CAPTURE_AUTORELEASING = YES;
				CLANG_WARN_BOOL_CONVERSION = YES;
				CLANG_WARN_COMMA = YES;
				CLANG_WARN_CONSTANT_CONVERSION = YES;
				CLANG_WARN_DEPRECATED_OBJC_IMPLEMENTATIONS = YES;
				CLANG_WARN_DIRECT_OBJC_ISA_USAGE = YES_ERROR;
				CLANG_WARN_DOCUMENTATION_COMMENTS = YES;
				CLANG_WARN_EMPTY_BODY = YES;
				CLANG_WARN_ENUM_CONVERSION = YES;
				CLANG_WARN_INFINITE_RECURSION = YES;
				CLANG_WARN_INT_CONVERSION = YES;
				CLANG_WARN_NON_LITERAL_NULL_CONVERSION = YES;
				CLANG_WARN_OBJC_IMPLICIT_RETAIN_SELF = YES;
				CLANG_WARN_OBJC_LITERAL_CONVERSION = YES;
				CLANG_WARN_OBJC_ROOT_CLASS = YES_ERROR;
				CLANG_WARN_RANGE_LOOP_ANALYSIS = YES;
				CLANG_WARN_STRICT_PROTOTYPES = YES;
				CLANG_WARN_SUSPICIOUS_MOVE = YES;
				CLANG_WARN_UNGUARDED_AVAILABILITY = YES_AGGRESSIVE;
				CLANG_WARN_UNREACHABLE_CODE = YES;
				CLANG_WARN__DUPLICATE_METHOD_MATCH = YES;
				CODE_SIGN_IDENTITY = "iPhone Developer";
				COPY_PHASE_STRIP = NO;
				DEBUG_INFORMATION_FORMAT = dwarf;
				ENABLE_STRICT_OBJC_MSGSEND = YES;
				ENABLE_TESTABILITY = YES;
				GCC_C_LANGUAGE_STANDARD = gnu11;
				GCC_DYNAMIC_NO_PIC = NO;
				GCC_NO_COMMON_BLOCKS = YES;
				GCC_OPTIMIZATION_LEVEL = 0;
				GCC_PREPROCESSOR_DEFINITIONS = (
					"DEBUG=1",
					"$(inherited)",
				);
				GCC_WARN_64_TO_32_BIT_CONVERSION = YES;
				GCC_WARN_ABOUT_RETURN_TYPE = YES_ERROR;
				GCC_WARN_UNDECLARED_SELECTOR = YES;
				GCC_WARN_UNINITIALIZED_AUTOS = YES_AGGRESSIVE;
				GCC_WARN_UNUSED_FUNCTION = YES;
				GCC_WARN_UNUSED_VARIABLE = YES;
				IPHONEOS_DEPLOYMENT_TARGET = 11.4;
				MTL_ENABLE_DEBUG_INFO = YES;
				ONLY_ACTIVE_ARCH = YES;
				SDKROOT = iphoneos;
				SWIFT_ACTIVE_COMPILATION_CONDITIONS = DEBUG;
				SWIFT_OPTIMIZATION_LEVEL = "-Onone";
			};
			name = Debug;
		};
		8C72FC7220DF004900795257 /* Release */ = {
			isa = XCBuildConfiguration;
			buildSettings = {
				ALWAYS_SEARCH_USER_PATHS = NO;
				CLANG_ANALYZER_NONNULL = YES;
				CLANG_ANALYZER_NUMBER_OBJECT_CONVERSION = YES_AGGRESSIVE;
				CLANG_CXX_LANGUAGE_STANDARD = "gnu++14";
				CLANG_CXX_LIBRARY = "libc++";
				CLANG_ENABLE_MODULES = YES;
				CLANG_ENABLE_OBJC_ARC = YES;
				CLANG_ENABLE_OBJC_WEAK = YES;
				CLANG_WARN_BLOCK_CAPTURE_AUTORELEASING = YES;
				CLANG_WARN_BOOL_CONVERSION = YES;
				CLANG_WARN_COMMA = YES;
				CLANG_WARN_CONSTANT_CONVERSION = YES;
				CLANG_WARN_DEPRECATED_OBJC_IMPLEMENTATIONS = YES;
				CLANG_WARN_DIRECT_OBJC_ISA_USAGE = YES_ERROR;
				CLANG_WARN_DOCUMENTATION_COMMENTS = YES;
				CLANG_WARN_EMPTY_BODY = YES;
				CLANG_WARN_ENUM_CONVERSION = YES;
				CLANG_WARN_INFINITE_RECURSION = YES;
				CLANG_WARN_INT_CONVERSION = YES;
				CLANG_WARN_NON_LITERAL_NULL_CONVERSION = YES;
				CLANG_WARN_OBJC_IMPLICIT_RETAIN_SELF = YES;
				CLANG_WARN_OBJC_LITERAL_CONVERSION = YES;
				CLANG_WARN_OBJC_ROOT_CLASS = YES_ERROR;
				CLANG_WARN_RANGE_LOOP_ANALYSIS = YES;
				CLANG_WARN_STRICT_PROTOTYPES = YES;
				CLANG_WARN_SUSPICIOUS_MOVE = YES;
				CLANG_WARN_UNGUARDED_AVAILABILITY = YES_AGGRESSIVE;
				CLANG_WARN_UNREACHABLE_CODE = YES;
				CLANG_WARN__DUPLICATE_METHOD_MATCH = YES;
				CODE_SIGN_IDENTITY = "iPhone Developer";
				COPY_PHASE_STRIP = NO;
				DEBUG_INFORMATION_FORMAT = "dwarf-with-dsym";
				ENABLE_NS_ASSERTIONS = NO;
				ENABLE_STRICT_OBJC_MSGSEND = YES;
				GCC_C_LANGUAGE_STANDARD = gnu11;
				GCC_NO_COMMON_BLOCKS = YES;
				GCC_WARN_64_TO_32_BIT_CONVERSION = YES;
				GCC_WARN_ABOUT_RETURN_TYPE = YES_ERROR;
				GCC_WARN_UNDECLARED_SELECTOR = YES;
				GCC_WARN_UNINITIALIZED_AUTOS = YES_AGGRESSIVE;
				GCC_WARN_UNUSED_FUNCTION = YES;
				GCC_WARN_UNUSED_VARIABLE = YES;
				IPHONEOS_DEPLOYMENT_TARGET = 11.4;
				MTL_ENABLE_DEBUG_INFO = NO;
				SDKROOT = iphoneos;
				SWIFT_COMPILATION_MODE = wholemodule;
				SWIFT_OPTIMIZATION_LEVEL = "-O";
				VALIDATE_PRODUCT = YES;
			};
			name = Release;
		};
		8C72FC7420DF004900795257 /* Debug */ = {
			isa = XCBuildConfiguration;
			buildSettings = {
				ASSETCATALOG_COMPILER_APPICON_NAME = AppIcon;
				CODE_SIGN_STYLE = Automatic;
				INFOPLIST_FILE = "quick-cards/Supporting Files/Info.plist";
				LD_RUNPATH_SEARCH_PATHS = (
					"$(inherited)",
					"@executable_path/Frameworks",
				);
				PRODUCT_BUNDLE_IDENTIFIER = "com.AbbySmith.quick-cards";
				PRODUCT_NAME = "$(TARGET_NAME)";
				SWIFT_VERSION = 4.0;
				TARGETED_DEVICE_FAMILY = "1,2";
			};
			name = Debug;
		};
		8C72FC7520DF004900795257 /* Release */ = {
			isa = XCBuildConfiguration;
			buildSettings = {
				ASSETCATALOG_COMPILER_APPICON_NAME = AppIcon;
				CODE_SIGN_STYLE = Automatic;
				INFOPLIST_FILE = "quick-cards/Supporting Files/Info.plist";
				LD_RUNPATH_SEARCH_PATHS = (
					"$(inherited)",
					"@executable_path/Frameworks",
				);
				PRODUCT_BUNDLE_IDENTIFIER = "com.AbbySmith.quick-cards";
				PRODUCT_NAME = "$(TARGET_NAME)";
				SWIFT_VERSION = 4.0;
				TARGETED_DEVICE_FAMILY = "1,2";
			};
			name = Release;
		};
/* End XCBuildConfiguration section */

/* Begin XCConfigurationList section */
		8C72FC5C20DF004800795257 /* Build configuration list for PBXProject "Quick Cards" */ = {
			isa = XCConfigurationList;
			buildConfigurations = (
				8C72FC7120DF004900795257 /* Debug */,
				8C72FC7220DF004900795257 /* Release */,
			);
			defaultConfigurationIsVisible = 0;
			defaultConfigurationName = Release;
		};
		8C72FC7320DF004900795257 /* Build configuration list for PBXNativeTarget "quick-cards" */ = {
			isa = XCConfigurationList;
			buildConfigurations = (
				8C72FC7420DF004900795257 /* Debug */,
				8C72FC7520DF004900795257 /* Release */,
			);
			defaultConfigurationIsVisible = 0;
			defaultConfigurationName = Release;
		};
/* End XCConfigurationList section */
	};
	rootObject = 8C72FC5920DF004800795257 /* Project object */;
}
